
Microsoft Visual Studio Solution File, Format Version 11.00
# Visual Studio 2010
# SharpDevelop 4.4
Project("{FAE04EC0-301F-11D3-BF4B-00C04F79EFBC}") = "KeyFingerprintLooker", "KeyFingerprintLooker\KeyFingerprintLooker.csproj", "{70ED0918-A92A-40F7-9972-A14A32BC9D4D}"
EndProject
Global
	GlobalSection(SolutionConfigurationPlatforms) = preSolution
		Debug|Any CPU = Debug|Any CPU
		Release|Any CPU = Release|Any CPU
		Debug|x64 = Debug|x64
		Release|x64 = Release|x64
	EndGlobalSection
	GlobalSection(ProjectConfigurationPlatforms) = postSolution
		{70ED0918-A92A-40F7-9972-A14A32BC9D4D}.Debug|Any CPU.Build.0 = Debug|Any CPU
		{70ED0918-A92A-40F7-9972-A14A32BC9D4D}.Debug|Any CPU.ActiveCfg = Debug|AnyCPU
		{70ED0918-A92A-40F7-9972-A14A32BC9D4D}.Release|Any CPU.Build.0 = Release|Any CPU
		{70ED0918-A92A-40F7-9972-A14A32BC9D4D}.Release|Any CPU.ActiveCfg = Release|Any CPU
		{70ED0918-A92A-40F7-9972-A14A32BC9D4D}.Debug|x64.Build.0 = Debug|x64
		{70ED0918-A92A-40F7-9972-A14A32BC9D4D}.Debug|x64.ActiveCfg = Debug|x64
		{70ED0918-A92A-40F7-9972-A14A32BC9D4D}.Release|x64.Build.0 = Release|x64
		{70ED0918-A92A-40F7-9972-A14A32BC9D4D}.Release|x64.ActiveCfg = Release|x64
	EndGlobalSection
EndGlobal
